
Microsoft Visual Studio Solution File, Format Version 11.00
# Visual Studio 2010
Project("{FAE04EC0-301F-11D3-BF4B-00C04F79EFBC}") = "Chimp", "Chimp\Chimp.csproj", "{2EB1546C-4ED7-40D6-96C4-2EF1A945BE9A}"
EndProject
Project("{FAE04EC0-301F-11D3-BF4B-00C04F79EFBC}") = "Specifications", "Specifications\Specifications.csproj", "{32A16F67-E3BC-4828-9EBC-93D8C813F5B6}"
EndProject
Global
	GlobalSection(SolutionConfigurationPlatforms) = preSolution
		Debug|Any CPU = Debug|Any CPU
		Release|Any CPU = Release|Any CPU
	EndGlobalSection
	GlobalSection(ProjectConfigurationPlatforms) = postSolution
		{2EB1546C-4ED7-40D6-96C4-2EF1A945BE9A}.Debug|Any CPU.ActiveCfg = Debug|Any CPU
		{2EB1546C-4ED7-40D6-96C4-2EF1A945BE9A}.Debug|Any CPU.Build.0 = Debug|Any CPU
		{2EB1546C-4ED7-40D6-96C4-2EF1A945BE9A}.Release|Any CPU.ActiveCfg = Release|Any CPU
		{2EB1546C-4ED7-40D6-96C4-2EF1A945BE9A}.Release|Any CPU.Build.0 = Release|Any CPU
		{32A16F67-E3BC-4828-9EBC-93D8C813F5B6}.Debug|Any CPU.ActiveCfg = Debug|Any CPU
		{32A16F67-E3BC-4828-9EBC-93D8C813F5B6}.Debug|Any CPU.Build.0 = Debug|Any CPU
		{32A16F67-E3BC-4828-9EBC-93D8C813F5B6}.Release|Any CPU.ActiveCfg = Release|Any CPU
		{32A16F67-E3BC-4828-9EBC-93D8C813F5B6}.Release|Any CPU.Build.0 = Release|Any CPU
	EndGlobalSection
	GlobalSection(SolutionProperties) = preSolution
		HideSolutionNode = FALSE
	EndGlobalSection
EndGlobal
